
Microsoft Visual Studio Solution File, Format Version 12.00
# Visual Studio Version 17
VisualStudioVersion = 17.8.34322.80
MinimumVisualStudioVersion = 10.0.40219.1
Project("{FAE04EC0-301F-11D3-BF4B-00C04F79EFBC}") = "AzamAfridi", "AzamAfridi.csproj", "{7077CF1A-5FC4-4311-9AB0-86FD8C7DB1AB}"
EndProject
Global
	GlobalSection(SolutionConfigurationPlatforms) = preSolution
		Debug|Any CPU = Debug|Any CPU
		Release|Any CPU = Release|Any CPU
	EndGlobalSection
	GlobalSection(ProjectConfigurationPlatforms) = postSolution
		{7077CF1A-5FC4-4311-9AB0-86FD8C7DB1AB}.Debug|Any CPU.ActiveCfg = Debug|Any CPU
		{7077CF1A-5FC4-4311-9AB0-86FD8C7DB1AB}.Debug|Any CPU.Build.0 = Debug|Any CPU
		{7077CF1A-5FC4-4311-9AB0-86FD8C7DB1AB}.Release|Any CPU.ActiveCfg = Release|Any CPU
		{7077CF1A-5FC4-4311-9AB0-86FD8C7DB1AB}.Release|Any CPU.Build.0 = Release|Any CPU
	EndGlobalSection
	GlobalSection(SolutionProperties) = preSolution
		HideSolutionNode = FALSE
	EndGlobalSection
	GlobalSection(ExtensibilityGlobals) = postSolution
		SolutionGuid = {4BC8F1A3-DE67-4D9D-B7D3-26FE024B5929}
	EndGlobalSection
EndGlobal
